{
  "name": "oop-test-runner",
  "version": "0.0.2",
  "lockfileVersion": 1,
  "requires": true,
  "dependencies": {
    "@types/node": {
      "version": "12.11.5",
      "resolved": "https://registry.npmjs.org/@types/node/-/node-12.11.5.tgz",
      "integrity": "sha512-LC8ALj/24PhByn39nr5jnTvpE7MujK8y7LQmV74kHYF5iQ0odCPkMH4IZNZw+cobKfSXqaC8GgegcbIsQpffdA=="
    },
    "@types/uuid": {
      "version": "3.4.5",
      "resolved": "https://registry.npmjs.org/@types/uuid/-/uuid-3.4.5.tgz",
      "integrity": "sha512-MNL15wC3EKyw1VLF+RoVO4hJJdk9t/Hlv3rt1OL65Qvuadm4BYo6g9ZJQqoq7X8NBFSsQXgAujWciovh2lpVjA==",
      "requires": {
        "@types/node": "*"
      }
    },
    "ansi-regex": {
      "version": "2.1.1",
      "resolved": "https://registry.npmjs.org/ansi-regex/-/ansi-regex-2.1.1.tgz",
      "integrity": "sha1-w7M6te42DYbg5ijwRorn7yfWVN8="
    },
    "arg": {
      "version": "4.1.1",
      "resolved": "https://registry.npmjs.org/arg/-/arg-4.1.1.tgz",
      "integrity": "sha512-SlmP3fEA88MBv0PypnXZ8ZfJhwmDeIE3SP71j37AiXQBXYosPV0x6uISAaHYSlSVhmHOVkomen0tbGk6Anlebw=="
    },
    "boolbase": {
      "version": "1.0.0",
      "resolved": "https://registry.npmjs.org/boolbase/-/boolbase-1.0.0.tgz",
      "integrity": "sha1-aN/1++YMUes3cl6p4+0xDcwed24="
    },
    "buffer-from": {
      "version": "1.1.1",
      "resolved": "https://registry.npmjs.org/buffer-from/-/buffer-from-1.1.1.tgz",
      "integrity": "sha512-MQcXEUbCKtEo7bhqEs6560Hyd4XaovZlO/k9V3hjVUF/zwW7KBVdSK4gIt/bzwS9MbR5qob+F5jusZsb0YQK2A=="
    },
    "diff": {
      "version": "4.0.1",
      "resolved": "https://registry.npmjs.org/diff/-/diff-4.0.1.tgz",
      "integrity": "sha512-s2+XdvhPCOF01LRQBC8hf4vhbVmI2CGS5aZnxLJlT5FtdhPCDFq80q++zK2KlrVorVDdL5BOGZ/VfLrVtYNF+Q=="
    },
    "highland": {
      "version": "2.13.5",
      "resolved": "https://registry.npmjs.org/highland/-/highland-2.13.5.tgz",
      "integrity": "sha512-dn2flPapIIAa4BtkB2ahjshg8iSJtrJtdhEb9/oiOrS5HMQTR/GuhFpqJ+11YBdtnl3AwWKvbZd1Uxr8uAmA7A==",
      "requires": {
        "util-deprecate": "^1.0.2"
      }
    },
    "lodash": {
      "version": "4.17.21",
      "resolved": "https://registry.npmjs.org/lodash/-/lodash-4.17.21.tgz",
      "integrity": "sha512-v2kDEe57lecTulaDIuNTPy3Ry4gLGJ6Z1O3vE1krgXZNrsQ+LFTGHVxVjcXPs17LhbZVGedAJv8XZ1tvj5FvSg=="
    },
    "make-error": {
      "version": "1.3.5",
      "resolved": "https://registry.npmjs.org/make-error/-/make-error-1.3.5.tgz",
      "integrity": "sha512-c3sIjNUow0+8swNwVpqoH4YCShKNFkMaw6oH1mNS2haDZQqkeZFlHS3dhoeEbKKmJB4vXpJucU6oH75aDYeE9g=="
    },
    "microjob": {
      "version": "0.7.0",
      "resolved": "https://registry.npmjs.org/microjob/-/microjob-0.7.0.tgz",
      "integrity": "sha512-ofDpqaVEv67ymCYdCE8eIVMCJY0H/hAtGxYmi1pXjtNkLOM0UUuUDshA1YLdVFwPwwt5+SW9EbBtSfsNokf+PA=="
    },
    "pretty-error": {
      "version": "2.1.1",
      "resolved": "https://registry.npmjs.org/pretty-error/-/pretty-error-2.1.1.tgz",
      "integrity": "sha1-X0+HyPkeWuPzuoerTPXgOxoX8aM=",
      "requires": {
        "renderkid": "^2.0.1",
        "utila": "~0.4"
      }
    },
    "renderkid": {
      "version": "2.0.7",
      "resolved": "https://registry.npmjs.org/renderkid/-/renderkid-2.0.7.tgz",
      "integrity": "sha512-oCcFyxaMrKsKcTY59qnCAtmDVSLfPbrv6A3tVbPdFMMrv5jaK10V6m40cKsoPNhAqN6rmHW9sswW4o3ruSrwUQ==",
      "requires": {
        "css-select": "^4.1.3",
        "dom-converter": "^0.2.0",
        "htmlparser2": "^6.1.0",
        "lodash": "^4.17.21",
        "strip-ansi": "^3.0.1"
      },
      "dependencies": {
        "css-select": {
          "version": "4.3.0",
          "resolved": "https://registry.npmjs.org/css-select/-/css-select-4.3.0.tgz",
          "integrity": "sha512-wPpOYtnsVontu2mODhA19JrqWxNsfdatRKd64kmpRbQgh1KtItko5sTnEpPdpSaJszTOhEMlF/RPz28qj4HqhQ==",
          "requires": {
            "boolbase": "^1.0.0",
            "css-what": "^6.0.1",
            "domhandler": "^4.3.1",
            "domutils": "^2.8.0",
            "nth-check": "^2.0.1"
          }
        },
        "css-what": {
          "version": "6.1.0",
          "resolved": "https://registry.npmjs.org/css-what/-/css-what-6.1.0.tgz",
          "integrity": "sha512-HTUrgRJ7r4dsZKU6GjmpfRK1O76h97Z8MfS1G0FozR+oF2kG6Vfe8JE6zwrkbxigziPHinCJ+gCPjA9EaBDtRw=="
        },
        "dom-converter": {
          "version": "0.2.0",
          "resolved": "https://registry.npmjs.org/dom-converter/-/dom-converter-0.2.0.tgz",
          "integrity": "sha512-gd3ypIPfOMr9h5jIKq8E3sHOTCjeirnl0WK5ZdS1AW0Odt0b1PaWaHdJ4Qk4klv+YB9aJBS7mESXjFoDQPu6DA==",
          "requires": {
            "utila": "~0.4"
          }
        },
        "dom-serializer": {
          "version": "1.4.1",
          "resolved": "https://registry.npmjs.org/dom-serializer/-/dom-serializer-1.4.1.tgz",
          "integrity": "sha512-VHwB3KfrcOOkelEG2ZOfxqLZdfkil8PtJi4P8N2MMXucZq2yLp75ClViUlOVwyoHEDjYU433Aq+5zWP61+RGag==",
          "requires": {
            "domelementtype": "^2.0.1",
            "domhandler": "^4.2.0",
            "entities": "^2.0.0"
          }
        },
        "domelementtype": {
          "version": "2.3.0",
          "resolved": "https://registry.npmjs.org/domelementtype/-/domelementtype-2.3.0.tgz",
          "integrity": "sha512-OLETBj6w0OsagBwdXnPdN0cnMfF9opN69co+7ZrbfPGrdpPVNBUj02spi6B1N7wChLQiPn4CSH/zJvXw56gmHw=="
        },
        "domhandler": {
          "version": "4.3.1",
          "resolved": "https://registry.npmjs.org/domhandler/-/domhandler-4.3.1.tgz",
          "integrity": "sha512-GrwoxYN+uWlzO8uhUXRl0P+kHE4GtVPfYzVLcUxPL7KNdHKj66vvlhiweIHqYYXWlw+T8iLMp42Lm67ghw4WMQ==",
          "requires": {
            "domelementtype": "^2.2.0"
          }
        },
        "domutils": {
          "version": "2.8.0",
          "resolved": "https://registry.npmjs.org/domutils/-/domutils-2.8.0.tgz",
          "integrity": "sha512-w96Cjofp72M5IIhpjgobBimYEfoPjx1Vx0BSX9P30WBdZW2WIKU0T1Bd0kz2eNZ9ikjKgHbEyKx8BB6H1L3h3A==",
          "requires": {
            "dom-serializer": "^1.0.1",
            "domelementtype": "^2.2.0",
            "domhandler": "^4.2.0"
          }
        },
        "entities": {
          "version": "2.2.0",
          "resolved": "https://registry.npmjs.org/entities/-/entities-2.2.0.tgz",
          "integrity": "sha512-p92if5Nz619I0w+akJrLZH0MX0Pb5DX39XOwQTtXSdQQOaYH03S1uIQp4mhOZtAXrxq4ViO67YTiLBo2638o9A=="
        },
        "htmlparser2": {
          "version": "6.1.0",
          "resolved": "https://registry.npmjs.org/htmlparser2/-/htmlparser2-6.1.0.tgz",
          "integrity": "sha512-gyyPk6rgonLFEDGoeRgQNaEUvdJ4ktTmmUh/h2t7s+M8oPpIPxgNACWa+6ESR57kXstwqPiCut0V8NRpcwgU7A==",
          "requires": {
            "domelementtype": "^2.0.1",
            "domhandler": "^4.0.0",
            "domutils": "^2.5.2",
            "entities": "^2.0.0"
          }
        },
        "nth-check": {
          "version": "2.1.1",
          "resolved": "https://registry.npmjs.org/nth-check/-/nth-check-2.1.1.tgz",
          "integrity": "sha512-lqjrjmaOoAnWfMmBPL+XNnynZh2+swxiX3WUE0s4yEHI6m+AwrK2UZOimIRl3X/4QctVqS8AiZjFqyOGrMXb/w==",
          "requires": {
            "boolbase": "^1.0.0"
          }
        }
      }
    },
    "require-all": {
      "version": "3.0.0",
      "resolved": "https://registry.npmjs.org/require-all/-/require-all-3.0.0.tgz",
      "integrity": "sha1-Rz1JcEvjEBFc4ST3c4Ox69hnExI="
    },
    "source-map": {
      "version": "0.6.1",
      "resolved": "https://registry.npmjs.org/source-map/-/source-map-0.6.1.tgz",
      "integrity": "sha512-UjgapumWlbMhkBgzT7Ykc5YXUT46F0iKu8SGXq0bcwP5dz/h0Plj6enJqjz1Zbq2l5WaqYnrVbwWOWMyF3F47g=="
    },
    "source-map-support": {
      "version": "0.5.13",
      "resolved": "https://registry.npmjs.org/source-map-support/-/source-map-support-0.5.13.tgz",
      "integrity": "sha512-SHSKFHadjVA5oR4PPqhtAVdcBWwRYVd6g6cAXnIbRiIwc2EhPrTuKUBdSLvlEKyIP3GCf89fltvcZiP9MMFA1w==",
      "requires": {
        "buffer-from": "^1.0.0",
        "source-map": "^0.6.0"
      }
    },
    "strip-ansi": {
      "version": "3.0.1",
      "resolved": "https://registry.npmjs.org/strip-ansi/-/strip-ansi-3.0.1.tgz",
      "integrity": "sha1-ajhfuIU9lS1f8F0Oiq+UJ43GPc8=",
      "requires": {
        "ansi-regex": "^2.0.0"
      }
    },
    "ts-node": {
      "version": "8.4.1",
      "resolved": "https://registry.npmjs.org/ts-node/-/ts-node-8.4.1.tgz",
      "integrity": "sha512-5LpRN+mTiCs7lI5EtbXmF/HfMeCjzt7DH9CZwtkr6SywStrNQC723wG+aOWFiLNn7zT3kD/RnFqi3ZUfr4l5Qw==",
      "requires": {
        "arg": "^4.1.0",
        "diff": "^4.0.1",
        "make-error": "^1.1.1",
        "source-map-support": "^0.5.6",
        "yn": "^3.0.0"
      }
    },
    "typescript": {
      "version": "3.8.3",
      "resolved": "https://registry.npmjs.org/typescript/-/typescript-3.8.3.tgz",
      "integrity": "sha512-MYlEfn5VrLNsgudQTVJeNaQFUAI7DkhnOjdpAp4T+ku1TfQClewlbSuTVHiA+8skNBgaf02TL/kLOvig4y3G8w=="
    },
    "util-deprecate": {
      "version": "1.0.2",
      "resolved": "https://registry.npmjs.org/util-deprecate/-/util-deprecate-1.0.2.tgz",
      "integrity": "sha1-RQ1Nyfpw3nMnYvvS1KKJgUGaDM8="
    },
    "utila": {
      "version": "0.4.0",
      "resolved": "https://registry.npmjs.org/utila/-/utila-0.4.0.tgz",
      "integrity": "sha1-ihagXURWV6Oupe7MWxKk+lN5dyw="
    },
    "uuid": {
      "version": "3.3.3",
      "resolved": "https://registry.npmjs.org/uuid/-/uuid-3.3.3.tgz",
      "integrity": "sha512-pW0No1RGHgzlpHJO1nsVrHKpOEIxkGg1xB+v0ZmdNH5OAeAwzAVrCnI2/6Mtx+Uys6iaylxa+D3g4j63IKKjSQ=="
    },
    "yn": {
      "version": "3.1.1",
      "resolved": "https://registry.npmjs.org/yn/-/yn-3.1.1.tgz",
      "integrity": "sha512-Ux4ygGWsu2c7isFWe8Yu1YluJmqVhxqK2cLXNQA5AcC3QfbGNpM7fu0Y8b/z16pXLnFxZYvWhd3fhBY9DLmC6Q=="
    }
  }
}
